# This file is automatically @generated by Cargo.
# It is not intended for manual editing.
version = 4

[[package]]
name = "leetcode-practice"
version = "0.1.0"

[[package]]
name = "p1545-find-kth-bit-in-nth-binary-string"
version = "0.1.0"

[[package]]
name = "p3296-minimum-nmber-seconds-to-eat-mountain"
version = "0.1.0"

[[package]]
name = "palindromic-substring"
version = "0.1.0"

[[package]]
name = "regular-expression-matching"
version = "0.1.0"

[[package]]
name = "spiral-matrix"
version = "0.1.0"
